// !$*UTF8*$!
{
	archiveVersion = 1;
	classes = {
	};
	objectVersion = 46;
	objects = {

/* Begin PBXBuildFile section */
		3C4551421DF3672300F3DB95 /* adler32.c in Sources */ = {isa = PBXBuildFile; fileRef = 3C4551281DF3672300F3DB95 /* adler32.c */; };
		3C4551431DF3672300F3DB95 /* compress.c in Sources */ = {isa = PBXBuildFile; fileRef = 3C4551291DF3672300F3DB95 /* compress.c */; };
		3C4551441DF3672300F3DB95 /* crc32.c in Sources */ = {isa = PBXBuildFile; fileRef = 3C45512A1DF3672300F3DB95 /* crc32.c */; };
		3C4551451DF3672300F3DB95 /* deflate.c in Sources */ = {isa = PBXBuildFile; fileRef = 3C45512C1DF3672300F3DB95 /* deflate.c */; };
		3C4551461DF3672300F3DB95 /* gzclose.c in Sources */ = {isa = PBXBuildFile; fileRef = 3C45512E1DF3672300F3DB95 /* gzclose.c */; };
		3C4551471DF3672300F3DB95 /* gzlib.c in Sources */ = {isa = PBXBuildFile; fileRef = 3C4551301DF3672300F3DB95 /* gzlib.c */; };
		3C4551481DF3672300F3DB95 /* gzread.c in Sources */ = {isa = PBXBuildFile; fileRef = 3C4551311DF3672300F3DB95 /* gzread.c */; };
		3C4551491DF3672300F3DB95 /* gzwrite.c in Sources */ = {isa = PBXBuildFile; fileRef = 3C4551321DF3672300F3DB95 /* gzwrite.c */; };
		3C45514A1DF3672300F3DB95 /* infback.c in Sources */ = {isa = PBXBuildFile; fileRef = 3C4551331DF3672300F3DB95 /* infback.c */; };
		3C45514B1DF3672300F3DB95 /* inffast.c in Sources */ = {isa = PBXBuildFile; fileRef = 3C4551341DF3672300F3DB95 /* inffast.c */; };
		3C45514C1DF3672300F3DB95 /* inflate.c in Sources */ = {isa = PBXBuildFile; fileRef = 3C4551371DF3672300F3DB95 /* inflate.c */; };
		3C45514D1DF3672300F3DB95 /* inftrees.c in Sources */ = {isa = PBXBuildFile; fileRef = 3C4551391DF3672300F3DB95 /* inftrees.c */; };
		3C45514E1DF3672300F3DB95 /* trees.c in Sources */ = {isa = PBXBuildFile; fileRef = 3C45513B1DF3672300F3DB95 /* trees.c */; };
		3C45514F1DF3672300F3DB95 /* uncompr.c in Sources */ = {isa = PBXBuildFile; fileRef = 3C45513D1DF3672300F3DB95 /* uncompr.c */; };
		3C4551501DF3672300F3DB95 /* zutil.c in Sources */ = {isa = PBXBuildFile; fileRef = 3C4551401DF3672300F3DB95 /* zutil.c */; };
		3CBF1EF61BB0A7D60028625A /* png.c in Sources */ = {isa = PBXBuildFile; fileRef = 3CBF1EDE1BB0A7D60028625A /* png.c */; };
		3CBF1EF71BB0A7D60028625A /* pngerror.c in Sources */ = {isa = PBXBuildFile; fileRef = 3CBF1EE21BB0A7D60028625A /* pngerror.c */; };
		3CBF1EF81BB0A7D60028625A /* pngget.c in Sources */ = {isa = PBXBuildFile; fileRef = 3CBF1EE31BB0A7D60028625A /* pngget.c */; };
		3CBF1EF91BB0A7D60028625A /* pngmem.c in Sources */ = {isa = PBXBuildFile; fileRef = 3CBF1EE61BB0A7D60028625A /* pngmem.c */; };
		3CBF1EFA1BB0A7D60028625A /* pngpread.c in Sources */ = {isa = PBXBuildFile; fileRef = 3CBF1EE71BB0A7D60028625A /* pngpread.c */; };
		3CBF1EFB1BB0A7D60028625A /* pngread.c in Sources */ = {isa = PBXBuildFile; fileRef = 3CBF1EE91BB0A7D60028625A /* pngread.c */; };
		3CBF1EFC1BB0A7D60028625A /* pngrio.c in Sources */ = {isa = PBXBuildFile; fileRef = 3CBF1EEA1BB0A7D60028625A /* pngrio.c */; };
		3CBF1EFD1BB0A7D60028625A /* pngrtran.c in Sources */ = {isa = PBXBuildFile; fileRef = 3CBF1EEB1BB0A7D60028625A /* pngrtran.c */; };
		3CBF1EFE1BB0A7D60028625A /* pngrutil.c in Sources */ = {isa = PBXBuildFile; fileRef = 3CBF1EEC1BB0A7D60028625A /* pngrutil.c */; };
		3CBF1EFF1BB0A7D60028625A /* pngset.c in Sources */ = {isa = PBXBuildFile; fileRef = 3CBF1EED1BB0A7D60028625A /* pngset.c */; };
		3CBF1F001BB0A7D60028625A /* pngtrans.c in Sources */ = {isa = PBXBuildFile; fileRef = 3CBF1EEF1BB0A7D60028625A /* pngtrans.c */; };
		3CBF1F011BB0A7D60028625A /* pngwio.c in Sources */ = {isa = PBXBuildFile; fileRef = 3CBF1EF01BB0A7D60028625A /* pngwio.c */; };
		3CBF1F021BB0A7D60028625A /* pngwrite.c in Sources */ = {isa = PBXBuildFile; fileRef = 3CBF1EF11BB0A7D60028625A /* pngwrite.c */; };
		3CBF1F031BB0A7D60028625A /* pngwtran.c in Sources */ = {isa = PBXBuildFile; fileRef = 3CBF1EF21BB0A7D60028625A /* pngwtran.c */; };
		3CBF1F041BB0A7D60028625A /* pngwutil.c in Sources */ = {isa = PBXBuildFile; fileRef = 3CBF1EF31BB0A7D60028625A /* pngwutil.c */; };
		3CBF1F071BB0A8B20028625A /* main.cpp in Sources */ = {isa = PBXBuildFile; fileRef = 3CBF1F061BB0A8B20028625A /* main.cpp */; };
		3CBF1F121BB0ADA10028625A /* DivQuantCluster.cpp in Sources */ = {isa = PBXBuildFile; fileRef = 3CBF1F0B1BB0ADA10028625A /* DivQuantCluster.cpp */; };
		3CBF1F131BB0ADA10028625A /* DivQuantMapColors.cpp in Sources */ = {isa = PBXBuildFile; fileRef = 3CBF1F0D1BB0ADA10028625A /* DivQuantMapColors.cpp */; };
		3CBF1F141BB0ADA10028625A /* DivQuantMisc.cpp in Sources */ = {isa = PBXBuildFile; fileRef = 3CBF1F0E1BB0ADA10028625A /* DivQuantMisc.cpp */; };
		3CBF1F151BB0ADA10028625A /* DivQuantUni.cpp in Sources */ = {isa = PBXBuildFile; fileRef = 3CBF1F0F1BB0ADA10028625A /* DivQuantUni.cpp */; };
		3CBF1F161BB0ADA10028625A /* quant_util.cpp in Sources */ = {isa = PBXBuildFile; fileRef = 3CBF1F101BB0ADA10028625A /* quant_util.cpp */; };
		3CBF1F211BB0F0D70028625A /* DivQuantTest.m in Sources */ = {isa = PBXBuildFile; fileRef = 3CBF1F201BB0F0D70028625A /* DivQuantTest.m */; };
		3CBF1F251BB0F19F0028625A /* quant_util.cpp in Sources */ = {isa = PBXBuildFile; fileRef = 3CBF1F101BB0ADA10028625A /* quant_util.cpp */; };
		3CBF1F261BB0F1A20028625A /* DivQuantCluster.cpp in Sources */ = {isa = PBXBuildFile; fileRef = 3CBF1F0B1BB0ADA10028625A /* DivQuantCluster.cpp */; };
		3CBF1F271BB0F1A50028625A /* DivQuantMapColors.cpp in Sources */ = {isa = PBXBuildFile; fileRef = 3CBF1F0D1BB0ADA10028625A /* DivQuantMapColors.cpp */; };
		3CBF1F281BB0F1AB0028625A /* DivQuantMisc.cpp in Sources */ = {isa = PBXBuildFile; fileRef = 3CBF1F0E1BB0ADA10028625A /* DivQuantMisc.cpp */; };
		3CBF1F291BB0F1AE0028625A /* DivQuantUni.cpp in Sources */ = {isa = PBXBuildFile; fileRef = 3CBF1F0F1BB0ADA10028625A /* DivQuantUni.cpp */; };
/* End PBXBuildFile section */

/* Begin PBXCopyFilesBuildPhase section */
		3CBF1ED11BB0A6AC0028625A /* CopyFiles */ = {
			isa = PBXCopyFilesBuildPhase;
			buildActionMask = 2147483647;
			dstPath = /usr/share/man/man1/;
			dstSubfolderSpec = 0;
			files = (
			);
			runOnlyForDeploymentPostprocessing = 1;
		};
/* End PBXCopyFilesBuildPhase section */

/* Begin PBXFileReference section */
		3C4551231DF366FC00F3DB95 /* config.h */ = {isa = PBXFileReference; fileEncoding = 4; lastKnownFileType = sourcecode.c.h; path = config.h; sourceTree = "<group>"; };
		3C4551241DF366FC00F3DB95 /* pnglibconf.c */ = {isa = PBXFileReference; fileEncoding = 4; lastKnownFileType = sourcecode.c.c; path = pnglibconf.c; sourceTree = "<group>"; };
		3C4551251DF366FC00F3DB95 /* pngprefix.h */ = {isa = PBXFileReference; fileEncoding = 4; lastKnownFileType = sourcecode.c.h; path = pngprefix.h; sourceTree = "<group>"; };
		3C4551281DF3672300F3DB95 /* adler32.c */ = {isa = PBXFileReference; fileEncoding = 4; lastKnownFileType = sourcecode.c.c; path = adler32.c; sourceTree = "<group>"; };
		3C4551291DF3672300F3DB95 /* compress.c */ = {isa = PBXFileReference; fileEncoding = 4; lastKnownFileType = sourcecode.c.c; path = compress.c; sourceTree = "<group>"; };
		3C45512A1DF3672300F3DB95 /* crc32.c */ = {isa = PBXFileReference; fileEncoding = 4; lastKnownFileType = sourcecode.c.c; path = crc32.c; sourceTree = "<group>"; };
		3C45512B1DF3672300F3DB95 /* crc32.h */ = {isa = PBXFileReference; fileEncoding = 4; lastKnownFileType = sourcecode.c.h; path = crc32.h; sourceTree = "<group>"; };
		3C45512C1DF3672300F3DB95 /* deflate.c */ = {isa = PBXFileReference; fileEncoding = 4; lastKnownFileType = sourcecode.c.c; path = deflate.c; sourceTree = "<group>"; };
		3C45512D1DF3672300F3DB95 /* deflate.h */ = {isa = PBXFileReference; fileEncoding = 4; lastKnownFileType = sourcecode.c.h; path = deflate.h; sourceTree = "<group>"; };
		3C45512E1DF3672300F3DB95 /* gzclose.c */ = {isa = PBXFileReference; fileEncoding = 4; lastKnownFileType = sourcecode.c.c; path = gzclose.c; sourceTree = "<group>"; };
		3C45512F1DF3672300F3DB95 /* gzguts.h */ = {isa = PBXFileReference; fileEncoding = 4; lastKnownFileType = sourcecode.c.h; path = gzguts.h; sourceTree = "<group>"; };
		3C4551301DF3672300F3DB95 /* gzlib.c */ = {isa = PBXFileReference; fileEncoding = 4; lastKnownFileType = sourcecode.c.c; path = gzlib.c; sourceTree = "<group>"; };
		3C4551311DF3672300F3DB95 /* gzread.c */ = {isa = PBXFileReference; fileEncoding = 4; lastKnownFileType = sourcecode.c.c; path = gzread.c; sourceTree = "<group>"; };
		3C4551321DF3672300F3DB95 /* gzwrite.c */ = {isa = PBXFileReference; fileEncoding = 4; lastKnownFileType = sourcecode.c.c; path = gzwrite.c; sourceTree = "<group>"; };
		3C4551331DF3672300F3DB95 /* infback.c */ = {isa = PBXFileReference; fileEncoding = 4; lastKnownFileType = sourcecode.c.c; path = infback.c; sourceTree = "<group>"; };
		3C4551341DF3672300F3DB95 /* inffast.c */ = {isa = PBXFileReference; fileEncoding = 4; lastKnownFileType = sourcecode.c.c; path = inffast.c; sourceTree = "<group>"; };
		3C4551351DF3672300F3DB95 /* inffast.h */ = {isa = PBXFileReference; fileEncoding = 4; lastKnownFileType = sourcecode.c.h; path = inffast.h; sourceTree = "<group>"; };
		3C4551361DF3672300F3DB95 /* inffixed.h */ = {isa = PBXFileReference; fileEncoding = 4; lastKnownFileType = sourcecode.c.h; path = inffixed.h; sourceTree = "<group>"; };
		3C4551371DF3672300F3DB95 /* inflate.c */ = {isa = PBXFileReference; fileEncoding = 4; lastKnownFileType = sourcecode.c.c; path = inflate.c; sourceTree = "<group>"; };
		3C4551381DF3672300F3DB95 /* inflate.h */ = {isa = PBXFileReference; fileEncoding = 4; lastKnownFileType = sourcecode.c.h; path = inflate.h; sourceTree = "<group>"; };
		3C4551391DF3672300F3DB95 /* inftrees.c */ = {isa = PBXFileReference; fileEncoding = 4; lastKnownFileType = sourcecode.c.c; path = inftrees.c; sourceTree = "<group>"; };
		3C45513A1DF3672300F3DB95 /* inftrees.h */ = {isa = PBXFileReference; fileEncoding = 4; lastKnownFileType = sourcecode.c.h; path = inftrees.h; sourceTree = "<group>"; };
		3C45513B1DF3672300F3DB95 /* trees.c */ = {isa = PBXFileReference; fileEncoding = 4; lastKnownFileType = sourcecode.c.c; path = trees.c; sourceTree = "<group>"; };
		3C45513C1DF3672300F3DB95 /* trees.h */ = {isa = PBXFileReference; fileEncoding = 4; lastKnownFileType = sourcecode.c.h; path = trees.h; sourceTree = "<group>"; };
		3C45513D1DF3672300F3DB95 /* uncompr.c */ = {isa = PBXFileReference; fileEncoding = 4; lastKnownFileType = sourcecode.c.c; path = uncompr.c; sourceTree = "<group>"; };
		3C45513E1DF3672300F3DB95 /* zconf.h */ = {isa = PBXFileReference; fileEncoding = 4; lastKnownFileType = sourcecode.c.h; path = zconf.h; sourceTree = "<group>"; };
		3C45513F1DF3672300F3DB95 /* zlib.h */ = {isa = PBXFileReference; fileEncoding = 4; lastKnownFileType = sourcecode.c.h; path = zlib.h; sourceTree = "<group>"; };
		3C4551401DF3672300F3DB95 /* zutil.c */ = {isa = PBXFileReference; fileEncoding = 4; lastKnownFileType = sourcecode.c.c; path = zutil.c; sourceTree = "<group>"; };
		3C4551411DF3672300F3DB95 /* zutil.h */ = {isa = PBXFileReference; fileEncoding = 4; lastKnownFileType = sourcecode.c.h; path = zutil.h; sourceTree = "<group>"; };
		3CBF1ED31BB0A6AC0028625A /* DivQuantCluster */ = {isa = PBXFileReference; explicitFileType = "compiled.mach-o.executable"; includeInIndex = 0; path = DivQuantCluster; sourceTree = BUILT_PRODUCTS_DIR; };
		3CBF1EDE1BB0A7D60028625A /* png.c */ = {isa = PBXFileReference; fileEncoding = 4; lastKnownFileType = sourcecode.c.c; path = png.c; sourceTree = "<group>"; };
		3CBF1EDF1BB0A7D60028625A /* png.h */ = {isa = PBXFileReference; fileEncoding = 4; lastKnownFileType = sourcecode.c.h; path = png.h; sourceTree = "<group>"; };
		3CBF1EE01BB0A7D60028625A /* pngconf.h */ = {isa = PBXFileReference; fileEncoding = 4; lastKnownFileType = sourcecode.c.h; path = pngconf.h; sourceTree = "<group>"; };
		3CBF1EE11BB0A7D60028625A /* pngdebug.h */ = {isa = PBXFileReference; fileEncoding = 4; lastKnownFileType = sourcecode.c.h; path = pngdebug.h; sourceTree = "<group>"; };
		3CBF1EE21BB0A7D60028625A /* pngerror.c */ = {isa = PBXFileReference; fileEncoding = 4; lastKnownFileType = sourcecode.c.c; path = pngerror.c; sourceTree = "<group>"; };
		3CBF1EE31BB0A7D60028625A /* pngget.c */ = {isa = PBXFileReference; fileEncoding = 4; lastKnownFileType = sourcecode.c.c; path = pngget.c; sourceTree = "<group>"; };
		3CBF1EE41BB0A7D60028625A /* pnginfo.h */ = {isa = PBXFileReference; fileEncoding = 4; lastKnownFileType = sourcecode.c.h; path = pnginfo.h; sourceTree = "<group>"; };
		3CBF1EE51BB0A7D60028625A /* pnglibconf.h */ = {isa = PBXFileReference; fileEncoding = 4; lastKnownFileType = sourcecode.c.h; path = pnglibconf.h; sourceTree = "<group>"; };
		3CBF1EE61BB0A7D60028625A /* pngmem.c */ = {isa = PBXFileReference; fileEncoding = 4; lastKnownFileType = sourcecode.c.c; path = pngmem.c; sourceTree = "<group>"; };
		3CBF1EE71BB0A7D60028625A /* pngpread.c */ = {isa = PBXFileReference; fileEncoding = 4; lastKnownFileType = sourcecode.c.c; path = pngpread.c; sourceTree = "<group>"; };
		3CBF1EE81BB0A7D60028625A /* pngpriv.h */ = {isa = PBXFileReference; fileEncoding = 4; lastKnownFileType = sourcecode.c.h; path = pngpriv.h; sourceTree = "<group>"; };
		3CBF1EE91BB0A7D60028625A /* pngread.c */ = {isa = PBXFileReference; fileEncoding = 4; lastKnownFileType = sourcecode.c.c; path = pngread.c; sourceTree = "<group>"; };
		3CBF1EEA1BB0A7D60028625A /* pngrio.c */ = {isa = PBXFileReference; fileEncoding = 4; lastKnownFileType = sourcecode.c.c; path = pngrio.c; sourceTree = "<group>"; };
		3CBF1EEB1BB0A7D60028625A /* pngrtran.c */ = {isa = PBXFileReference; fileEncoding = 4; lastKnownFileType = sourcecode.c.c; path = pngrtran.c; sourceTree = "<group>"; };
		3CBF1EEC1BB0A7D60028625A /* pngrutil.c */ = {isa = PBXFileReference; fileEncoding = 4; lastKnownFileType = sourcecode.c.c; path = pngrutil.c; sourceTree = "<group>"; };
		3CBF1EED1BB0A7D60028625A /* pngset.c */ = {isa = PBXFileReference; fileEncoding = 4; lastKnownFileType = sourcecode.c.c; path = pngset.c; sourceTree = "<group>"; };
		3CBF1EEE1BB0A7D60028625A /* pngstruct.h */ = {isa = PBXFileReference; fileEncoding = 4; lastKnownFileType = sourcecode.c.h; path = pngstruct.h; sourceTree = "<group>"; };
		3CBF1EEF1BB0A7D60028625A /* pngtrans.c */ = {isa = PBXFileReference; fileEncoding = 4; lastKnownFileType = sourcecode.c.c; path = pngtrans.c; sourceTree = "<group>"; };
		3CBF1EF01BB0A7D60028625A /* pngwio.c */ = {isa = PBXFileReference; fileEncoding = 4; lastKnownFileType = sourcecode.c.c; path = pngwio.c; sourceTree = "<group>"; };
		3CBF1EF11BB0A7D60028625A /* pngwrite.c */ = {isa = PBXFileReference; fileEncoding = 4; lastKnownFileType = sourcecode.c.c; path = pngwrite.c; sourceTree = "<group>"; };
		3CBF1EF21BB0A7D60028625A /* pngwtran.c */ = {isa = PBXFileReference; fileEncoding = 4; lastKnownFileType = sourcecode.c.c; path = pngwtran.c; sourceTree = "<group>"; };
		3CBF1EF31BB0A7D60028625A /* pngwutil.c */ = {isa = PBXFileReference; fileEncoding = 4; lastKnownFileType = sourcecode.c.c; path = pngwutil.c; sourceTree = "<group>"; };
		3CBF1EF41BB0A7D60028625A /* PngContext.h */ = {isa = PBXFileReference; fileEncoding = 4; lastKnownFileType = sourcecode.c.h; path = PngContext.h; sourceTree = "<group>"; };
		3CBF1EF51BB0A7D60028625A /* README.md */ = {isa = PBXFileReference; fileEncoding = 4; lastKnownFileType = net.daringfireball.markdown; path = README.md; sourceTree = "<group>"; };
		3CBF1F061BB0A8B20028625A /* main.cpp */ = {isa = PBXFileReference; fileEncoding = 4; lastKnownFileType = sourcecode.cpp.cpp; path = main.cpp; sourceTree = "<group>"; };
		3CBF1F0B1BB0ADA10028625A /* DivQuantCluster.cpp */ = {isa = PBXFileReference; fileEncoding = 4; lastKnownFileType = sourcecode.cpp.cpp; path = DivQuantCluster.cpp; sourceTree = "<group>"; };
		3CBF1F0C1BB0ADA10028625A /* DivQuantHeader.h */ = {isa = PBXFileReference; fileEncoding = 4; lastKnownFileType = sourcecode.c.h; path = DivQuantHeader.h; sourceTree = "<group>"; };
		3CBF1F0D1BB0ADA10028625A /* DivQuantMapColors.cpp */ = {isa = PBXFileReference; fileEncoding = 4; lastKnownFileType = sourcecode.cpp.cpp; path = DivQuantMapColors.cpp; sourceTree = "<group>"; };
		3CBF1F0E1BB0ADA10028625A /* DivQuantMisc.cpp */ = {isa = PBXFileReference; fileEncoding = 4; lastKnownFileType = sourcecode.cpp.cpp; path = DivQuantMisc.cpp; sourceTree = "<group>"; };
		3CBF1F0F1BB0ADA10028625A /* DivQuantUni.cpp */ = {isa = PBXFileReference; fileEncoding = 4; lastKnownFileType = sourcecode.cpp.cpp; path = DivQuantUni.cpp; sourceTree = "<group>"; };
		3CBF1F101BB0ADA10028625A /* quant_util.cpp */ = {isa = PBXFileReference; fileEncoding = 4; lastKnownFileType = sourcecode.cpp.cpp; path = quant_util.cpp; sourceTree = "<group>"; };
		3CBF1F111BB0ADA10028625A /* quant_util.h */ = {isa = PBXFileReference; fileEncoding = 4; lastKnownFileType = sourcecode.c.h; path = quant_util.h; sourceTree = "<group>"; };
		3CBF1F171BB0B2710028625A /* CalcError.h */ = {isa = PBXFileReference; fileEncoding = 4; lastKnownFileType = sourcecode.c.h; path = CalcError.h; sourceTree = "<group>"; };
		3CBF1F1C1BB0F0D70028625A /* DivQuantTest.xctest */ = {isa = PBXFileReference; explicitFileType = wrapper.cfbundle; includeInIndex = 0; path = DivQuantTest.xctest; sourceTree = BUILT_PRODUCTS_DIR; };
		3CBF1F1F1BB0F0D70028625A /* Info.plist */ = {isa = PBXFileReference; lastKnownFileType = text.plist.xml; path = Info.plist; sourceTree = "<group>"; };
		3CBF1F201BB0F0D70028625A /* DivQuantTest.m */ = {isa = PBXFileReference; lastKnownFileType = sourcecode.c.objc; path = DivQuantTest.m; sourceTree = "<group>"; };
/* End PBXFileReference section */

/* Begin PBXFrameworksBuildPhase section */
		3CBF1ED01BB0A6AC0028625A /* Frameworks */ = {
			isa = PBXFrameworksBuildPhase;
			buildActionMask = 2147483647;
			files = (
			);
			runOnlyForDeploymentPostprocessing = 0;
		};
		3CBF1F191BB0F0D70028625A /* Frameworks */ = {
			isa = PBXFrameworksBuildPhase;
			buildActionMask = 2147483647;
			files = (
			);
			runOnlyForDeploymentPostprocessing = 0;
		};
/* End PBXFrameworksBuildPhase section */

/* Begin PBXGroup section */
		3C4551271DF3672300F3DB95 /* zlib */ = {
			isa = PBXGroup;
			children = (
				3C4551281DF3672300F3DB95 /* adler32.c */,
				3C4551291DF3672300F3DB95 /* compress.c */,
				3C45512A1DF3672300F3DB95 /* crc32.c */,
				3C45512B1DF3672300F3DB95 /* crc32.h */,
				3C45512C1DF3672300F3DB95 /* deflate.c */,
				3C45512D1DF3672300F3DB95 /* deflate.h */,
				3C45512E1DF3672300F3DB95 /* gzclose.c */,
				3C45512F1DF3672300F3DB95 /* gzguts.h */,
				3C4551301DF3672300F3DB95 /* gzlib.c */,
				3C4551311DF3672300F3DB95 /* gzread.c */,
				3C4551321DF3672300F3DB95 /* gzwrite.c */,
				3C4551331DF3672300F3DB95 /* infback.c */,
				3C4551341DF3672300F3DB95 /* inffast.c */,
				3C4551351DF3672300F3DB95 /* inffast.h */,
				3C4551361DF3672300F3DB95 /* inffixed.h */,
				3C4551371DF3672300F3DB95 /* inflate.c */,
				3C4551381DF3672300F3DB95 /* inflate.h */,
				3C4551391DF3672300F3DB95 /* inftrees.c */,
				3C45513A1DF3672300F3DB95 /* inftrees.h */,
				3C45513B1DF3672300F3DB95 /* trees.c */,
				3C45513C1DF3672300F3DB95 /* trees.h */,
				3C45513D1DF3672300F3DB95 /* uncompr.c */,
				3C45513E1DF3672300F3DB95 /* zconf.h */,
				3C45513F1DF3672300F3DB95 /* zlib.h */,
				3C4551401DF3672300F3DB95 /* zutil.c */,
				3C4551411DF3672300F3DB95 /* zutil.h */,
			);
			path = zlib;
			sourceTree = "<group>";
		};
		3CBF1ECA1BB0A6AC0028625A = {
			isa = PBXGroup;
			children = (
				3CBF1EF51BB0A7D60028625A /* README.md */,
				3CBF1F061BB0A8B20028625A /* main.cpp */,
				3CBF1EF41BB0A7D60028625A /* PngContext.h */,
				3CBF1F171BB0B2710028625A /* CalcError.h */,
				3CBF1F0A1BB0ADA10028625A /* DivQuant */,
				3C4551271DF3672300F3DB95 /* zlib */,
				3CBF1EDD1BB0A7D60028625A /* libpng */,
				3CBF1F1D1BB0F0D70028625A /* DivQuantTest */,
				3CBF1ED41BB0A6AC0028625A /* Products */,
			);
			sourceTree = "<group>";
		};
		3CBF1ED41BB0A6AC0028625A /* Products */ = {
			isa = PBXGroup;
			children = (
				3CBF1ED31BB0A6AC0028625A /* DivQuantCluster */,
				3CBF1F1C1BB0F0D70028625A /* DivQuantTest.xctest */,
			);
			name = Products;
			sourceTree = "<group>";
		};
		3CBF1EDD1BB0A7D60028625A /* libpng */ = {
			isa = PBXGroup;
			children = (
				3C4551231DF366FC00F3DB95 /* config.h */,
				3C4551241DF366FC00F3DB95 /* pnglibconf.c */,
				3C4551251DF366FC00F3DB95 /* pngprefix.h */,
				3CBF1EDE1BB0A7D60028625A /* png.c */,
				3CBF1EDF1BB0A7D60028625A /* png.h */,
				3CBF1EE01BB0A7D60028625A /* pngconf.h */,
				3CBF1EE11BB0A7D60028625A /* pngdebug.h */,
				3CBF1EE21BB0A7D60028625A /* pngerror.c */,
				3CBF1EE31BB0A7D60028625A /* pngget.c */,
				3CBF1EE41BB0A7D60028625A /* pnginfo.h */,
				3CBF1EE51BB0A7D60028625A /* pnglibconf.h */,
				3CBF1EE61BB0A7D60028625A /* pngmem.c */,
				3CBF1EE71BB0A7D60028625A /* pngpread.c */,
				3CBF1EE81BB0A7D60028625A /* pngpriv.h */,
				3CBF1EE91BB0A7D60028625A /* pngread.c */,
				3CBF1EEA1BB0A7D60028625A /* pngrio.c */,
				3CBF1EEB1BB0A7D60028625A /* pngrtran.c */,
				3CBF1EEC1BB0A7D60028625A /* pngrutil.c */,
				3CBF1EED1BB0A7D60028625A /* pngset.c */,
				3CBF1EEE1BB0A7D60028625A /* pngstruct.h */,
				3CBF1EEF1BB0A7D60028625A /* pngtrans.c */,
				3CBF1EF01BB0A7D60028625A /* pngwio.c */,
				3CBF1EF11BB0A7D60028625A /* pngwrite.c */,
				3CBF1EF21BB0A7D60028625A /* pngwtran.c */,
				3CBF1EF31BB0A7D60028625A /* pngwutil.c */,
			);
			path = libpng;
			sourceTree = "<group>";
		};
		3CBF1F0A1BB0ADA10028625A /* DivQuant */ = {
			isa = PBXGroup;
			children = (
				3CBF1F111BB0ADA10028625A /* quant_util.h */,
				3CBF1F101BB0ADA10028625A /* quant_util.cpp */,
				3CBF1F0B1BB0ADA10028625A /* DivQuantCluster.cpp */,
				3CBF1F0C1BB0ADA10028625A /* DivQuantHeader.h */,
				3CBF1F0D1BB0ADA10028625A /* DivQuantMapColors.cpp */,
				3CBF1F0E1BB0ADA10028625A /* DivQuantMisc.cpp */,
				3CBF1F0F1BB0ADA10028625A /* DivQuantUni.cpp */,
			);
			path = DivQuant;
			sourceTree = "<group>";
		};
		3CBF1F1D1BB0F0D70028625A /* DivQuantTest */ = {
			isa = PBXGroup;
			children = (
				3CBF1F201BB0F0D70028625A /* DivQuantTest.m */,
				3CBF1F1E1BB0F0D70028625A /* Supporting Files */,
			);
			path = DivQuantTest;
			sourceTree = "<group>";
		};
		3CBF1F1E1BB0F0D70028625A /* Supporting Files */ = {
			isa = PBXGroup;
			children = (
				3CBF1F1F1BB0F0D70028625A /* Info.plist */,
			);
			name = "Supporting Files";
			sourceTree = "<group>";
		};
/* End PBXGroup section */

/* Begin PBXNativeTarget section */
		3CBF1ED21BB0A6AC0028625A /* DivQuantCluster */ = {
			isa = PBXNativeTarget;
			buildConfigurationList = 3CBF1EDA1BB0A6AC0028625A /* Build configuration list for PBXNativeTarget "DivQuantCluster" */;
			buildPhases = (
				3CBF1ECF1BB0A6AC0028625A /* Sources */,
				3CBF1ED01BB0A6AC0028625A /* Frameworks */,
				3CBF1ED11BB0A6AC0028625A /* CopyFiles */,
			);
			buildRules = (
			);
			dependencies = (
			);
			name = DivQuantCluster;
			productName = DivQuantCluster;
			productReference = 3CBF1ED31BB0A6AC0028625A /* DivQuantCluster */;
			productType = "com.apple.product-type.tool";
		};
		3CBF1F1B1BB0F0D70028625A /* DivQuantTest */ = {
			isa = PBXNativeTarget;
			buildConfigurationList = 3CBF1F221BB0F0D70028625A /* Build configuration list for PBXNativeTarget "DivQuantTest" */;
			buildPhases = (
				3CBF1F181BB0F0D70028625A /* Sources */,
				3CBF1F191BB0F0D70028625A /* Frameworks */,
				3CBF1F1A1BB0F0D70028625A /* Resources */,
			);
			buildRules = (
			);
			dependencies = (
			);
			name = DivQuantTest;
			productName = DivQuantTest;
			productReference = 3CBF1F1C1BB0F0D70028625A /* DivQuantTest.xctest */;
			productType = "com.apple.product-type.bundle.unit-test";
		};
/* End PBXNativeTarget section */

/* Begin PBXProject section */
		3CBF1ECB1BB0A6AC0028625A /* Project object */ = {
			isa = PBXProject;
			attributes = {
				LastUpgradeCheck = 0640;
				ORGANIZATIONNAME = helpurock;
				TargetAttributes = {
					3CBF1ED21BB0A6AC0028625A = {
						CreatedOnToolsVersion = 6.4;
					};
					3CBF1F1B1BB0F0D70028625A = {
						CreatedOnToolsVersion = 6.4;
					};
				};
			};
			buildConfigurationList = 3CBF1ECE1BB0A6AC0028625A /* Build configuration list for PBXProject "DivQuantCluster" */;
			compatibilityVersion = "Xcode 3.2";
			developmentRegion = English;
			hasScannedForEncodings = 0;
			knownRegions = (
				en,
			);
			mainGroup = 3CBF1ECA1BB0A6AC0028625A;
			productRefGroup = 3CBF1ED41BB0A6AC0028625A /* Products */;
			projectDirPath = "";
			projectRoot = "";
			targets = (
				3CBF1ED21BB0A6AC0028625A /* DivQuantCluster */,
				3CBF1F1B1BB0F0D70028625A /* DivQuantTest */,
			);
		};
/* End PBXProject section */

/* Begin PBXResourcesBuildPhase section */
		3CBF1F1A1BB0F0D70028625A /* Resources */ = {
			isa = PBXResourcesBuildPhase;
			buildActionMask = 2147483647;
			files = (
			);
			runOnlyForDeploymentPostprocessing = 0;
		};
/* End PBXResourcesBuildPhase section */

/* Begin PBXSourcesBuildPhase section */
		3CBF1ECF1BB0A6AC0028625A /* Sources */ = {
			isa = PBXSourcesBuildPhase;
			buildActionMask = 2147483647;
			files = (
				3CBF1F121BB0ADA10028625A /* DivQuantCluster.cpp in Sources */,
				3C45514A1DF3672300F3DB95 /* infback.c in Sources */,
				3CBF1F141BB0ADA10028625A /* DivQuantMisc.cpp in Sources */,
				3CBF1F001BB0A7D60028625A /* pngtrans.c in Sources */,
				3CBF1F021BB0A7D60028625A /* pngwrite.c in Sources */,
				3C45514B1DF3672300F3DB95 /* inffast.c in Sources */,
				3C45514F1DF3672300F3DB95 /* uncompr.c in Sources */,
				3C4551471DF3672300F3DB95 /* gzlib.c in Sources */,
				3CBF1F031BB0A7D60028625A /* pngwtran.c in Sources */,
				3C4551451DF3672300F3DB95 /* deflate.c in Sources */,
				3CBF1EF71BB0A7D60028625A /* pngerror.c in Sources */,
				3CBF1EF91BB0A7D60028625A /* pngmem.c in Sources */,
				3C45514D1DF3672300F3DB95 /* inftrees.c in Sources */,
				3C4551431DF3672300F3DB95 /* compress.c in Sources */,
				3CBF1F071BB0A8B20028625A /* main.cpp in Sources */,
				3CBF1EFC1BB0A7D60028625A /* pngrio.c in Sources */,
				3C4551461DF3672300F3DB95 /* gzclose.c in Sources */,
				3CBF1EF61BB0A7D60028625A /* png.c in Sources */,
				3C45514C1DF3672300F3DB95 /* inflate.c in Sources */,
				3CBF1F011BB0A7D60028625A /* pngwio.c in Sources */,
				3CBF1F161BB0ADA10028625A /* quant_util.cpp in Sources */,
				3CBF1EFF1BB0A7D60028625A /* pngset.c in Sources */,
				3CBF1F151BB0ADA10028625A /* DivQuantUni.cpp in Sources */,
				3CBF1EFA1BB0A7D60028625A /* pngpread.c in Sources */,
				3CBF1EF81BB0A7D60028625A /* pngget.c in Sources */,
				3C4551441DF3672300F3DB95 /* crc32.c in Sources */,
				3C4551501DF3672300F3DB95 /* zutil.c in Sources */,
				3C4551481DF3672300F3DB95 /* gzread.c in Sources */,
				3CBF1EFB1BB0A7D60028625A /* pngread.c in Sources */,
				3C4551491DF3672300F3DB95 /* gzwrite.c in Sources */,
				3CBF1EFE1BB0A7D60028625A /* pngrutil.c in Sources */,
				3CBF1F041BB0A7D60028625A /* pngwutil.c in Sources */,
				3C4551421DF3672300F3DB95 /* adler32.c in Sources */,
				3CBF1F131BB0ADA10028625A /* DivQuantMapColors.cpp in Sources */,
				3C45514E1DF3672300F3DB95 /* trees.c in Sources */,
				3CBF1EFD1BB0A7D60028625A /* pngrtran.c in Sources */,
			);
			runOnlyForDeploymentPostprocessing = 0;
		};
		3CBF1F181BB0F0D70028625A /* Sources */ = {
			isa = PBXSourcesBuildPhase;
			buildActionMask = 2147483647;
			files = (
				3CBF1F291BB0F1AE0028625A /* DivQuantUni.cpp in Sources */,
				3CBF1F281BB0F1AB0028625A /* DivQuantMisc.cpp in Sources */,
				3CBF1F211BB0F0D70028625A /* DivQuantTest.m in Sources */,
				3CBF1F251BB0F19F0028625A /* quant_util.cpp in Sources */,
				3CBF1F271BB0F1A50028625A /* DivQuantMapColors.cpp in Sources */,
				3CBF1F261BB0F1A20028625A /* DivQuantCluster.cpp in Sources */,
			);
			runOnlyForDeploymentPostprocessing = 0;
		};
/* End PBXSourcesBuildPhase section */

/* Begin XCBuildConfiguration section */
		3CBF1ED81BB0A6AC0028625A /* Debug */ = {
			isa = XCBuildConfiguration;
			buildSettings = {
				ALWAYS_SEARCH_USER_PATHS = NO;
				CLANG_CXX_LANGUAGE_STANDARD = "gnu++0x";
				CLANG_CXX_LIBRARY = "libc++";
				CLANG_ENABLE_MODULES = YES;
				CLANG_ENABLE_OBJC_ARC = YES;
				CLANG_WARN_BOOL_CONVERSION = YES;
				CLANG_WARN_CONSTANT_CONVERSION = YES;
				CLANG_WARN_DIRECT_OBJC_ISA_USAGE = YES_ERROR;
				CLANG_WARN_EMPTY_BODY = YES;
				CLANG_WARN_ENUM_CONVERSION = YES;
				CLANG_WARN_INT_CONVERSION = YES;
				CLANG_WARN_OBJC_ROOT_CLASS = YES_ERROR;
				CLANG_WARN_UNREACHABLE_CODE = YES;
				CLANG_WARN__DUPLICATE_METHOD_MATCH = YES;
				COPY_PHASE_STRIP = NO;
				DEBUG_INFORMATION_FORMAT = dwarf;
				ENABLE_STRICT_OBJC_MSGSEND = YES;
				GCC_C_LANGUAGE_STANDARD = gnu99;
				GCC_DYNAMIC_NO_PIC = NO;
				GCC_NO_COMMON_BLOCKS = YES;
				GCC_OPTIMIZATION_LEVEL = 0;
				GCC_PREPROCESSOR_DEFINITIONS = (
					"DEBUG=1",
					"$(inherited)",
				);
				GCC_SYMBOLS_PRIVATE_EXTERN = NO;
				GCC_WARN_64_TO_32_BIT_CONVERSION = YES;
				GCC_WARN_ABOUT_RETURN_TYPE = YES_ERROR;
				GCC_WARN_UNDECLARED_SELECTOR = YES;
				GCC_WARN_UNINITIALIZED_AUTOS = YES_AGGRESSIVE;
				GCC_WARN_UNUSED_FUNCTION = YES;
				GCC_WARN_UNUSED_VARIABLE = YES;
				MACOSX_DEPLOYMENT_TARGET = 10.10;
				MTL_ENABLE_DEBUG_INFO = YES;
				ONLY_ACTIVE_ARCH = YES;
				SDKROOT = macosx;
			};
			name = Debug;
		};
		3CBF1ED91BB0A6AC0028625A /* Release */ = {
			isa = XCBuildConfiguration;
			buildSettings = {
				ALWAYS_SEARCH_USER_PATHS = NO;
				CLANG_CXX_LANGUAGE_STANDARD = "gnu++0x";
				CLANG_CXX_LIBRARY = "libc++";
				CLANG_ENABLE_MODULES = YES;
				CLANG_ENABLE_OBJC_ARC = YES;
				CLANG_WARN_BOOL_CONVERSION = YES;
				CLANG_WARN_CONSTANT_CONVERSION = YES;
				CLANG_WARN_DIRECT_OBJC_ISA_USAGE = YES_ERROR;
				CLANG_WARN_EMPTY_BODY = YES;
				CLANG_WARN_ENUM_CONVERSION = YES;
				CLANG_WARN_INT_CONVERSION = YES;
				CLANG_WARN_OBJC_ROOT_CLASS = YES_ERROR;
				CLANG_WARN_UNREACHABLE_CODE = YES;
				CLANG_WARN__DUPLICATE_METHOD_MATCH = YES;
				COPY_PHASE_STRIP = NO;
				DEBUG_INFORMATION_FORMAT = "dwarf-with-dsym";
				ENABLE_NS_ASSERTIONS = NO;
				ENABLE_STRICT_OBJC_MSGSEND = YES;
				GCC_C_LANGUAGE_STANDARD = gnu99;
				GCC_NO_COMMON_BLOCKS = YES;
				GCC_WARN_64_TO_32_BIT_CONVERSION = YES;
				GCC_WARN_ABOUT_RETURN_TYPE = YES_ERROR;
				GCC_WARN_UNDECLARED_SELECTOR = YES;
				GCC_WARN_UNINITIALIZED_AUTOS = YES_AGGRESSIVE;
				GCC_WARN_UNUSED_FUNCTION = YES;
				GCC_WARN_UNUSED_VARIABLE = YES;
				MACOSX_DEPLOYMENT_TARGET = 10.10;
				MTL_ENABLE_DEBUG_INFO = NO;
				SDKROOT = macosx;
			};
			name = Release;
		};
		3CBF1EDB1BB0A6AC0028625A /* Debug */ = {
			isa = XCBuildConfiguration;
			buildSettings = {
				PRODUCT_NAME = "$(TARGET_NAME)";
			};
			name = Debug;
		};
		3CBF1EDC1BB0A6AC0028625A /* Release */ = {
			isa = XCBuildConfiguration;
			buildSettings = {
				GCC_OPTIMIZATION_LEVEL = 3;
				PRODUCT_NAME = "$(TARGET_NAME)";
			};
			name = Release;
		};
		3CBF1F231BB0F0D70028625A /* Debug */ = {
			isa = XCBuildConfiguration;
			buildSettings = {
				COMBINE_HIDPI_IMAGES = YES;
				FRAMEWORK_SEARCH_PATHS = (
					"$(DEVELOPER_FRAMEWORKS_DIR)",
					"$(inherited)",
				);
				GCC_PREPROCESSOR_DEFINITIONS = (
					"DEBUG=1",
					"$(inherited)",
				);
				INFOPLIST_FILE = DivQuantTest/Info.plist;
				LD_RUNPATH_SEARCH_PATHS = "$(inherited) @executable_path/../Frameworks @loader_path/../Frameworks";
				PRODUCT_NAME = "$(TARGET_NAME)";
			};
			name = Debug;
		};
		3CBF1F241BB0F0D70028625A /* Release */ = {
			isa = XCBuildConfiguration;
			buildSettings = {
				COMBINE_HIDPI_IMAGES = YES;
				FRAMEWORK_SEARCH_PATHS = (
					"$(DEVELOPER_FRAMEWORKS_DIR)",
					"$(inherited)",
				);
				INFOPLIST_FILE = DivQuantTest/Info.plist;
				LD_RUNPATH_SEARCH_PATHS = "$(inherited) @executable_path/../Frameworks @loader_path/../Frameworks";
				PRODUCT_NAME = "$(TARGET_NAME)";
			};
			name = Release;
		};
/* End XCBuildConfiguration section */

/* Begin XCConfigurationList section */
		3CBF1ECE1BB0A6AC0028625A /* Build configuration list for PBXProject "DivQuantCluster" */ = {
			isa = XCConfigurationList;
			buildConfigurations = (
				3CBF1ED81BB0A6AC0028625A /* Debug */,
				3CBF1ED91BB0A6AC0028625A /* Release */,
			);
			defaultConfigurationIsVisible = 0;
			defaultConfigurationName = Release;
		};
		3CBF1EDA1BB0A6AC0028625A /* Build configuration list for PBXNativeTarget "DivQuantCluster" */ = {
			isa = XCConfigurationList;
			buildConfigurations = (
				3CBF1EDB1BB0A6AC0028625A /* Debug */,
				3CBF1EDC1BB0A6AC0028625A /* Release */,
			);
			defaultConfigurationIsVisible = 0;
			defaultConfigurationName = Release;
		};
		3CBF1F221BB0F0D70028625A /* Build configuration list for PBXNativeTarget "DivQuantTest" */ = {
			isa = XCConfigurationList;
			buildConfigurations = (
				3CBF1F231BB0F0D70028625A /* Debug */,
				3CBF1F241BB0F0D70028625A /* Release */,
			);
			defaultConfigurationIsVisible = 0;
			defaultConfigurationName = Release;
		};
/* End XCConfigurationList section */
	};
	rootObject = 3CBF1ECB1BB0A6AC0028625A /* Project object */;
}
